
Microsoft Visual Studio Solution File, Format Version 12.00
# Visual Studio 14
VisualStudioVersion = 14.0.24720.0
MinimumVisualStudioVersion = 10.0.40219.1
Project("{FAE04EC0-301F-11D3-BF4B-00C04F79EFBC}") = "contoolkit", "contoolkit.csproj", "{8C265945-E170-4D3F-A18B-EAC7154CA328}"
EndProject
Global
	GlobalSection(SolutionConfigurationPlatforms) = preSolution
		Debug|x86 = Debug|x86
		Release|x86 = Release|x86
	EndGlobalSection
	GlobalSection(ProjectConfigurationPlatforms) = postSolution
		{8C265945-E170-4D3F-A18B-EAC7154CA328}.Debug|x86.ActiveCfg = Debug|x86
		{8C265945-E170-4D3F-A18B-EAC7154CA328}.Debug|x86.Build.0 = Debug|x86
		{8C265945-E170-4D3F-A18B-EAC7154CA328}.Release|x86.ActiveCfg = Release|x86
		{8C265945-E170-4D3F-A18B-EAC7154CA328}.Release|x86.Build.0 = Release|x86
	EndGlobalSection
	GlobalSection(SolutionProperties) = preSolution
		HideSolutionNode = FALSE
	EndGlobalSection
EndGlobal
